
Microsoft Visual Studio Solution File, Format Version 12.00
# Visual Studio Version 16
VisualStudioVersion = 16.0.28803.352
MinimumVisualStudioVersion = 10.0.40219.1
Project("{8BC9CEB8-8B4A-11D0-8D11-00A0C91BC942}") = "C++단계별 프로젝트", "C++단계별 프로젝트\C++단계별 프로젝트.vcxproj", "{7ED93AF6-FE04-4513-A71D-E67EE05CA350}"
EndProject
Global
	GlobalSection(SolutionConfigurationPlatforms) = preSolution
		Debug|x64 = Debug|x64
		Debug|x86 = Debug|x86
		Release|x64 = Release|x64
		Release|x86 = Release|x86
	EndGlobalSection
	GlobalSection(ProjectConfigurationPlatforms) = postSolution
		{7ED93AF6-FE04-4513-A71D-E67EE05CA350}.Debug|x64.ActiveCfg = Debug|x64
		{7ED93AF6-FE04-4513-A71D-E67EE05CA350}.Debug|x64.Build.0 = Debug|x64
		{7ED93AF6-FE04-4513-A71D-E67EE05CA350}.Debug|x86.ActiveCfg = Debug|Win32
		{7ED93AF6-FE04-4513-A71D-E67EE05CA350}.Debug|x86.Build.0 = Debug|Win32
		{7ED93AF6-FE04-4513-A71D-E67EE05CA350}.Release|x64.ActiveCfg = Release|x64
		{7ED93AF6-FE04-4513-A71D-E67EE05CA350}.Release|x64.Build.0 = Release|x64
		{7ED93AF6-FE04-4513-A71D-E67EE05CA350}.Release|x86.ActiveCfg = Release|Win32
		{7ED93AF6-FE04-4513-A71D-E67EE05CA350}.Release|x86.Build.0 = Release|Win32
	EndGlobalSection
	GlobalSection(SolutionProperties) = preSolution
		HideSolutionNode = FALSE
	EndGlobalSection
	GlobalSection(ExtensibilityGlobals) = postSolution
		SolutionGuid = {49872782-ACDF-4026-A02C-58821AB2B841}
	EndGlobalSection
EndGlobal
